
Microsoft Visual Studio Solution File, Format Version 12.00
# Visual Studio Version 16
VisualStudioVersion = 16.0.31702.278
MinimumVisualStudioVersion = 10.0.40219.1
Project("{FAE04EC0-301F-11D3-BF4B-00C04F79EFBC}") = "API", "API\API.csproj", "{D5E26DAC-7DBF-42B4-9808-496AD7A4846B}"
EndProject
Project("{9A19103F-16F7-4668-BE54-9A1E7A4F7556}") = "Lab1", "..\Lab1\Lab1\Lab1.csproj", "{BF171B16-D24C-48B9-9ABA-5E02333B1B0C}"
EndProject
Global
	GlobalSection(SolutionConfigurationPlatforms) = preSolution
		Debug|Any CPU = Debug|Any CPU
		Release|Any CPU = Release|Any CPU
	EndGlobalSection
	GlobalSection(ProjectConfigurationPlatforms) = postSolution
		{D5E26DAC-7DBF-42B4-9808-496AD7A4846B}.Debug|Any CPU.ActiveCfg = Debug|Any CPU
		{D5E26DAC-7DBF-42B4-9808-496AD7A4846B}.Debug|Any CPU.Build.0 = Debug|Any CPU
		{D5E26DAC-7DBF-42B4-9808-496AD7A4846B}.Release|Any CPU.ActiveCfg = Release|Any CPU
		{D5E26DAC-7DBF-42B4-9808-496AD7A4846B}.Release|Any CPU.Build.0 = Release|Any CPU
		{BF171B16-D24C-48B9-9ABA-5E02333B1B0C}.Debug|Any CPU.ActiveCfg = Debug|Any CPU
		{BF171B16-D24C-48B9-9ABA-5E02333B1B0C}.Debug|Any CPU.Build.0 = Debug|Any CPU
		{BF171B16-D24C-48B9-9ABA-5E02333B1B0C}.Release|Any CPU.ActiveCfg = Release|Any CPU
		{BF171B16-D24C-48B9-9ABA-5E02333B1B0C}.Release|Any CPU.Build.0 = Release|Any CPU
	EndGlobalSection
	GlobalSection(SolutionProperties) = preSolution
		HideSolutionNode = FALSE
	EndGlobalSection
	GlobalSection(ExtensibilityGlobals) = postSolution
		SolutionGuid = {CE58E717-8B0E-4529-AA40-F051FE6F4183}
	EndGlobalSection
EndGlobal
